{
  "version": "3",
  "packages": {
    "specifiers": {
      "npm:@actions/core@1.10.0": "npm:@actions/core@1.10.0",
      "npm:@actions/core@^1.10.1": "npm:@actions/core@1.10.1",
      "npm:@actions/github@5.1.1": "npm:@actions/github@5.1.1_@octokit+core@3.6.0"
    },
    "npm": {
      "@actions/core@1.10.0": {
        "integrity": "sha512-2aZDDa3zrrZbP5ZYg159sNoLRb61nQ7awl5pSvIq5Qpj81vwDzdMRKzkWJGJuwVvWpvZKx7vspJALyvaaIQyug==",
        "dependencies": {
          "@actions/http-client": "@actions/http-client@2.1.0",
          "uuid": "uuid@8.3.2"
        }
      },
      "@actions/core@1.10.1": {
        "integrity": "sha512-3lBR9EDAY+iYIpTnTIXmWcNbX3T2kCkAEQGIQx4NVQ0575nk2k3GRZDTPQG+vVtS2izSLmINlxXf0uLtnrTP+g==",
        "dependencies": {
          "@actions/http-client": "@actions/http-client@2.1.0",
          "uuid": "uuid@8.3.2"
        }
      },
      "@actions/github@5.1.1_@octokit+core@3.6.0": {
        "integrity": "sha512-Nk59rMDoJaV+mHCOJPXuvB1zIbomlKS0dmSIqPGxd0enAXBnOfn4VWF+CGtRCwXZG9Epa54tZA7VIRlJDS8A6g==",
        "dependencies": {
          "@actions/http-client": "@actions/http-client@2.1.0",
          "@octokit/core": "@octokit/core@3.6.0",
          "@octokit/plugin-paginate-rest": "@octokit/plugin-paginate-rest@2.21.3_@octokit+core@3.6.0",
          "@octokit/plugin-rest-endpoint-methods": "@octokit/plugin-rest-endpoint-methods@5.16.2_@octokit+core@3.6.0"
        }
      },
      "@actions/http-client@2.1.0": {
        "integrity": "sha512-BonhODnXr3amchh4qkmjPMUO8mFi/zLaaCeCAJZqch8iQqyDnVIkySjB38VHAC8IJ+bnlgfOqlhpyCUZHlQsqw==",
        "dependencies": {
          "tunnel": "tunnel@0.0.6"
        }
      },
      "@octokit/auth-token@2.5.0": {
        "integrity": "sha512-r5FVUJCOLl19AxiuZD2VRZ/ORjp/4IN98Of6YJoJOkY75CIBuYfmiNHGrDwXr+aLGG55igl9QrxX3hbiXlLb+g==",
        "dependencies": {
          "@octokit/types": "@octokit/types@6.41.0"
        }
      },
      "@octokit/core@3.6.0": {
        "integrity": "sha512-7RKRKuA4xTjMhY+eG3jthb3hlZCsOwg3rztWh75Xc+ShDWOfDDATWbeZpAHBNRpm4Tv9WgBMOy1zEJYXG6NJ7Q==",
        "dependencies": {
          "@octokit/auth-token": "@octokit/auth-token@2.5.0",
          "@octokit/graphql": "@octokit/graphql@4.8.0",
          "@octokit/request": "@octokit/request@5.6.3",
          "@octokit/request-error": "@octokit/request-error@2.1.0",
          "@octokit/types": "@octokit/types@6.41.0",
          "before-after-hook": "before-after-hook@2.2.3",
          "universal-user-agent": "universal-user-agent@6.0.0"
        }
      },
      "@octokit/endpoint@6.0.12": {
        "integrity": "sha512-lF3puPwkQWGfkMClXb4k/eUT/nZKQfxinRWJrdZaJO85Dqwo/G0yOC434Jr2ojwafWJMYqFGFa5ms4jJUgujdA==",
        "dependencies": {
          "@octokit/types": "@octokit/types@6.41.0",
          "is-plain-object": "is-plain-object@5.0.0",
          "universal-user-agent": "universal-user-agent@6.0.0"
        }
      },
      "@octokit/graphql@4.8.0": {
        "integrity": "sha512-0gv+qLSBLKF0z8TKaSKTsS39scVKF9dbMxJpj3U0vC7wjNWFuIpL/z76Qe2fiuCbDRcJSavkXsVtMS6/dtQQsg==",
        "dependencies": {
          "@octokit/request": "@octokit/request@5.6.3",
          "@octokit/types": "@octokit/types@6.41.0",
          "universal-user-agent": "universal-user-agent@6.0.0"
        }
      },
      "@octokit/openapi-types@12.11.0": {
        "integrity": "sha512-VsXyi8peyRq9PqIz/tpqiL2w3w80OgVMwBHltTml3LmVvXiphgeqmY9mvBw9Wu7e0QWk/fqD37ux8yP5uVekyQ==",
        "dependencies": {}
      },
      "@octokit/plugin-paginate-rest@2.21.3_@octokit+core@3.6.0": {
        "integrity": "sha512-aCZTEf0y2h3OLbrgKkrfFdjRL6eSOo8komneVQJnYecAxIej7Bafor2xhuDJOIFau4pk0i/P28/XgtbyPF0ZHw==",
        "dependencies": {
          "@octokit/core": "@octokit/core@3.6.0",
          "@octokit/types": "@octokit/types@6.41.0"
        }
      },
      "@octokit/plugin-rest-endpoint-methods@5.16.2_@octokit+core@3.6.0": {
        "integrity": "sha512-8QFz29Fg5jDuTPXVtey05BLm7OB+M8fnvE64RNegzX7U+5NUXcOcnpTIK0YfSHBg8gYd0oxIq3IZTe9SfPZiRw==",
        "dependencies": {
          "@octokit/core": "@octokit/core@3.6.0",
          "@octokit/types": "@octokit/types@6.41.0",
          "deprecation": "deprecation@2.3.1"
        }
      },
      "@octokit/request-error@2.1.0": {
        "integrity": "sha512-1VIvgXxs9WHSjicsRwq8PlR2LR2x6DwsJAaFgzdi0JfJoGSO8mYI/cHJQ+9FbN21aa+DrgNLnwObmyeSC8Rmpg==",
        "dependencies": {
          "@octokit/types": "@octokit/types@6.41.0",
          "deprecation": "deprecation@2.3.1",
          "once": "once@1.4.0"
        }
      },
      "@octokit/request@5.6.3": {
        "integrity": "sha512-bFJl0I1KVc9jYTe9tdGGpAMPy32dLBXXo1dS/YwSCTL/2nd9XeHsY616RE3HPXDVk+a+dBuzyz5YdlXwcDTr2A==",
        "dependencies": {
          "@octokit/endpoint": "@octokit/endpoint@6.0.12",
          "@octokit/request-error": "@octokit/request-error@2.1.0",
          "@octokit/types": "@octokit/types@6.41.0",
          "is-plain-object": "is-plain-object@5.0.0",
          "node-fetch": "node-fetch@2.6.11",
          "universal-user-agent": "universal-user-agent@6.0.0"
        }
      },
      "@octokit/types@6.41.0": {
        "integrity": "sha512-eJ2jbzjdijiL3B4PrSQaSjuF2sPEQPVCPzBvTHJD9Nz+9dw2SGH4K4xeQJ77YfTq5bRQ+bD8wT11JbeDPmxmGg==",
        "dependencies": {
          "@octokit/openapi-types": "@octokit/openapi-types@12.11.0"
        }
      },
      "before-after-hook@2.2.3": {
        "integrity": "sha512-NzUnlZexiaH/46WDhANlyR2bXRopNg4F/zuSA3OpZnllCUgRaOF2znDioDWrmbNVsuZk6l9pMquQB38cfBZwkQ==",
        "dependencies": {}
      },
      "deprecation@2.3.1": {
        "integrity": "sha512-xmHIy4F3scKVwMsQ4WnVaS8bHOx0DmVwRywosKhaILI0ywMDWPtBSku2HNxRvF7jtwDRsoEwYQSfbxj8b7RlJQ==",
        "dependencies": {}
      },
      "is-plain-object@5.0.0": {
        "integrity": "sha512-VRSzKkbMm5jMDoKLbltAkFQ5Qr7VDiTFGXxYFXXowVj387GeGNOCsOH6Msy00SGZ3Fp84b1Naa1psqgcCIEP5Q==",
        "dependencies": {}
      },
      "node-fetch@2.6.11": {
        "integrity": "sha512-4I6pdBY1EthSqDmJkiNk3JIT8cswwR9nfeW/cPdUagJYEQG7R95WRH74wpz7ma8Gh/9dI9FP+OU+0E4FvtA55w==",
        "dependencies": {
          "whatwg-url": "whatwg-url@5.0.0"
        }
      },
      "once@1.4.0": {
        "integrity": "sha512-lNaJgI+2Q5URQBkccEKHTQOPaXdUxnZZElQTZY0MFUAuaEqe1E+Nyvgdz/aIyNi6Z9MzO5dv1H8n58/GELp3+w==",
        "dependencies": {
          "wrappy": "wrappy@1.0.2"
        }
      },
      "tr46@0.0.3": {
        "integrity": "sha512-N3WMsuqV66lT30CrXNbEjx4GEwlow3v6rr4mCcv6prnfwhS01rkgyFdjPNBYd9br7LpXV1+Emh01fHnq2Gdgrw==",
        "dependencies": {}
      },
      "tunnel@0.0.6": {
        "integrity": "sha512-1h/Lnq9yajKY2PEbBadPXj3VxsDDu844OnaAo52UVmIzIvwwtBPIuNvkjuzBlTWpfJyUbG3ez0KSBibQkj4ojg==",
        "dependencies": {}
      },
      "universal-user-agent@6.0.0": {
        "integrity": "sha512-isyNax3wXoKaulPDZWHQqbmIx1k2tb9fb3GGDBRxCscfYV2Ch7WxPArBsFEG8s/safwXTT7H4QGhaIkTp9447w==",
        "dependencies": {}
      },
      "uuid@8.3.2": {
        "integrity": "sha512-+NYs2QeMWy+GWFOEm9xnn6HCDp0l7QBD7ml8zLUmJ+93Q5NF0NocErnwkTkXVFNiX3/fpC6afS8Dhb/gz7R7eg==",
        "dependencies": {}
      },
      "webidl-conversions@3.0.1": {
        "integrity": "sha512-2JAn3z8AR6rjK8Sm8orRC0h/bcl/DqL7tRPdGZ4I1CjdF+EaMLmYxBHyXuKL849eucPFhvBoxMsflfOb8kxaeQ==",
        "dependencies": {}
      },
      "whatwg-url@5.0.0": {
        "integrity": "sha512-saE57nupxk6v3HY35+jzBwYa0rKSy0XR8JSxZPwgLr7ys0IBzhGviA1/TUGJLmSVqs8pb9AnvICXEuOHLprYTw==",
        "dependencies": {
          "tr46": "tr46@0.0.3",
          "webidl-conversions": "webidl-conversions@3.0.1"
        }
      },
      "wrappy@1.0.2": {
        "integrity": "sha512-l4Sp/DRseor9wL6EvV2+TuQn63dMkPjZ/sp9XkghTEbV9KlPS1xUsZ3u7/IQO4wxtcFB4bgpQPRcR3QCvezPcQ==",
        "dependencies": {}
      }
    }
  },
  "remote": {
    "https://deno.land/std@0.188.0/semver/mod.ts": "200f50cf6872212667df532fb09f0b1a33d3427a5201f75fad30a0d0c6dbcce3"
  },
  "workspace": {
    "dependencies": [
      "jsr:@std/cli@^0.224.4",
      "npm:@actions/core@^1.10.1"
    ]
  }
}
