# This file is generated by running "yarn install" inside your project.
# Manual changes might be lost - proceed with caution!

__metadata:
  version: 5
  cacheKey: 8

"data-uri-to-buffer@npm:^4.0.0":
  version: 4.0.0
  resolution: "data-uri-to-buffer@npm:4.0.0"
  checksum: a010653869abe8bb51259432894ac62c52bf79ad761d418d94396f48c346f2ae739c46b254e8bb5987bded8a653d467db1968db3a69bab1d33aa5567baa5cfc7
  languageName: node
  linkType: hard

"fetch-blob@npm:^3.1.2":
  version: 3.1.3
  resolution: "fetch-blob@npm:3.1.3"
  dependencies:
    web-streams-polyfill: ^3.0.3
  checksum: 7be20e9c9a936601c280ef3cfed1968dbcfb35e31564b9bdc807b48de73587cd358b7c3965a3f03483f5268dc373ae8526608947750f22eb214e20c94efab9c1
  languageName: node
  linkType: hard

"formdata-polyfill@npm:^4.0.10":
  version: 4.0.10
  resolution: "formdata-polyfill@npm:4.0.10"
  dependencies:
    fetch-blob: ^3.1.2
  checksum: 82a34df292afadd82b43d4a740ce387bc08541e0a534358425193017bf9fb3567875dc5f69564984b1da979979b70703aa73dee715a17b6c229752ae736dd9db
  languageName: node
  linkType: hard

"node-fetch@npm:^3.1.0":
  version: 3.1.0
  resolution: "node-fetch@npm:3.1.0"
  dependencies:
    data-uri-to-buffer: ^4.0.0
    fetch-blob: ^3.1.2
    formdata-polyfill: ^4.0.10
  checksum: 23b5977554d21b72d7d99145d00bcf06e463fa621bf0afc276ad121a79509a133f38c7e470b34aad45d4032d3315bf5584ff6a1cb83e8f01be7a44cc7ac72693
  languageName: node
  linkType: hard

"prettier@npm:^2.2.1":
  version: 2.5.1
  resolution: "prettier@npm:2.5.1"
  bin:
    prettier: bin-prettier.js
  checksum: 21b9408476ea1c544b0e45d51ceb94a84789ff92095abb710942d780c862d0daebdb29972d47f6b4d0f7ebbfb0ffbf56cc2cfa3e3e9d1cca54864af185b15b66
  languageName: node
  linkType: hard

"rtl_433_docker@workspace:.":
  version: 0.0.0-use.local
  resolution: "rtl_433_docker@workspace:."
  dependencies:
    node-fetch: ^3.1.0
    prettier: ^2.2.1
  languageName: unknown
  linkType: soft

"web-streams-polyfill@npm:^3.0.3":
  version: 3.2.0
  resolution: "web-streams-polyfill@npm:3.2.0"
  checksum: e23ad0649392fa0159dbfc6bb27474c308c3f332d9078cfef3c06c154165bef18732c5814126147c6c712f604216ddc950c171c854e3821f020e0d2d721a5958
  languageName: node
  linkType: hard
