# This file is generated by running "yarn install" inside your project.
# Manual changes might be lost - proceed with caution!

__metadata:
  version: 4
  cacheKey: 7

"node-fetch@npm:^2.6.1":
  version: 2.6.1
  resolution: "node-fetch@npm:2.6.1"
  checksum: cbb171635e538162b977eac5dfe7a1e07a9a02e991924377a6435502291e2f823d306b95aabc455caebf4a118ccf836868462bc70ccc3095af02bb9da61fda37
  languageName: node
  linkType: hard

"prettier@npm:^2.2.1":
  version: 2.2.1
  resolution: "prettier@npm:2.2.1"
  bin:
    prettier: bin-prettier.js
  checksum: 92c6c9f4b87eba1f28466edee57dd18c80d00b858edda77d46d1950d20e6e302b68ee255fc91133ba931e63c4577b5ae30da194d9626a8f3c0177778b91bf056
  languageName: node
  linkType: hard

"rtl_433_docker@workspace:.":
  version: 0.0.0-use.local
  resolution: "rtl_433_docker@workspace:."
  dependencies:
    node-fetch: ^2.6.1
    prettier: ^2.2.1
  languageName: unknown
  linkType: soft
