# This file is generated by running "yarn install" inside your project.
# Manual changes might be lost - proceed with caution!

__metadata:
  version: 5
  cacheKey: 8

"data-uri-to-buffer@npm:^4.0.0":
  version: 4.0.0
  resolution: "data-uri-to-buffer@npm:4.0.0"
  checksum: a010653869abe8bb51259432894ac62c52bf79ad761d418d94396f48c346f2ae739c46b254e8bb5987bded8a653d467db1968db3a69bab1d33aa5567baa5cfc7
  languageName: node
  linkType: hard

"fetch-blob@npm:^3.1.2":
  version: 3.1.3
  resolution: "fetch-blob@npm:3.1.3"
  dependencies:
    web-streams-polyfill: ^3.0.3
  checksum: 7be20e9c9a936601c280ef3cfed1968dbcfb35e31564b9bdc807b48de73587cd358b7c3965a3f03483f5268dc373ae8526608947750f22eb214e20c94efab9c1
  languageName: node
  linkType: hard

"fetch-blob@npm:^3.1.4":
  version: 3.2.0
  resolution: "fetch-blob@npm:3.2.0"
  dependencies:
    node-domexception: ^1.0.0
    web-streams-polyfill: ^3.0.3
  checksum: f19bc28a2a0b9626e69fd7cf3a05798706db7f6c7548da657cbf5026a570945f5eeaedff52007ea35c8bcd3d237c58a20bf1543bc568ab2422411d762dd3d5bf
  languageName: node
  linkType: hard

"formdata-polyfill@npm:^4.0.10":
  version: 4.0.10
  resolution: "formdata-polyfill@npm:4.0.10"
  dependencies:
    fetch-blob: ^3.1.2
  checksum: 82a34df292afadd82b43d4a740ce387bc08541e0a534358425193017bf9fb3567875dc5f69564984b1da979979b70703aa73dee715a17b6c229752ae736dd9db
  languageName: node
  linkType: hard

"node-domexception@npm:^1.0.0":
  version: 1.0.0
  resolution: "node-domexception@npm:1.0.0"
  checksum: ee1d37dd2a4eb26a8a92cd6b64dfc29caec72bff5e1ed9aba80c294f57a31ba4895a60fd48347cf17dd6e766da0ae87d75657dfd1f384ebfa60462c2283f5c7f
  languageName: node
  linkType: hard

"node-fetch@npm:^3.1.0":
  version: 3.3.1
  resolution: "node-fetch@npm:3.3.1"
  dependencies:
    data-uri-to-buffer: ^4.0.0
    fetch-blob: ^3.1.4
    formdata-polyfill: ^4.0.10
  checksum: 62145fd3ba4770a76110bc31fdc0054ab2f5442b5ce96e9c4b39fc9e94a3d305560eec76e1165d9259eab866e02a8eecf9301062bb5dfc9f08a4d08b69d223dd
  languageName: node
  linkType: hard

"prettier@npm:^2.2.1":
  version: 2.8.8
  resolution: "prettier@npm:2.8.8"
  bin:
    prettier: bin-prettier.js
  checksum: b49e409431bf129dd89238d64299ba80717b57ff5a6d1c1a8b1a28b590d998a34e083fa13573bc732bb8d2305becb4c9a4407f8486c81fa7d55100eb08263cf8
  languageName: node
  linkType: hard

"rtl_433_docker@workspace:.":
  version: 0.0.0-use.local
  resolution: "rtl_433_docker@workspace:."
  dependencies:
    node-fetch: ^3.1.0
    prettier: ^2.2.1
  languageName: unknown
  linkType: soft

"web-streams-polyfill@npm:^3.0.3":
  version: 3.2.0
  resolution: "web-streams-polyfill@npm:3.2.0"
  checksum: e23ad0649392fa0159dbfc6bb27474c308c3f332d9078cfef3c06c154165bef18732c5814126147c6c712f604216ddc950c171c854e3821f020e0d2d721a5958
  languageName: node
  linkType: hard
